
Microsoft Visual Studio Solution File, Format Version 12.00
# Visual Studio Version 17
VisualStudioVersion = 17.3.32901.215
MinimumVisualStudioVersion = 10.0.40219.1
Project("{FAE04EC0-301F-11D3-BF4B-00C04F79EFBC}") = "BulkyBookWeb", "BulkyBookWeb\BulkyBookWeb.csproj", "{9F3D9E49-399A-40C3-9A66-3D05F7314DBE}"
EndProject
Global
	GlobalSection(SolutionConfigurationPlatforms) = preSolution
		Debug|Any CPU = Debug|Any CPU
		Release|Any CPU = Release|Any CPU
	EndGlobalSection
	GlobalSection(ProjectConfigurationPlatforms) = postSolution
		{9F3D9E49-399A-40C3-9A66-3D05F7314DBE}.Debug|Any CPU.ActiveCfg = Debug|Any CPU
		{9F3D9E49-399A-40C3-9A66-3D05F7314DBE}.Debug|Any CPU.Build.0 = Debug|Any CPU
		{9F3D9E49-399A-40C3-9A66-3D05F7314DBE}.Release|Any CPU.ActiveCfg = Release|Any CPU
		{9F3D9E49-399A-40C3-9A66-3D05F7314DBE}.Release|Any CPU.Build.0 = Release|Any CPU
	EndGlobalSection
	GlobalSection(SolutionProperties) = preSolution
		HideSolutionNode = FALSE
	EndGlobalSection
	GlobalSection(ExtensibilityGlobals) = postSolution
		SolutionGuid = {BF13597A-5BB6-455D-B22A-810B4F0DC0FD}
	EndGlobalSection
EndGlobal
